
Microsoft Visual Studio Solution File, Format Version 12.00
# Visual Studio 15
VisualStudioVersion = 15.0.26124.0
MinimumVisualStudioVersion = 15.0.26124.0
Project("{2150E333-8FDC-42A3-9474-1A3956D46DE8}") = "src", "src", "{92E8EF45-701E-4807-A54E-5E85E29814F7}"
EndProject
Project("{FAE04EC0-301F-11D3-BF4B-00C04F79EFBC}") = "PalTracker", "src\PalTracker\PalTracker.csproj", "{76631CF2-9E20-4856-98AF-4C4A98C8A92D}"
EndProject
Project("{2150E333-8FDC-42A3-9474-1A3956D46DE8}") = "test", "test", "{9F326C99-D962-4261-A4DA-7B7593812334}"
EndProject
Project("{FAE04EC0-301F-11D3-BF4B-00C04F79EFBC}") = "PalTrackerTests", "test\PalTrackerTests\PalTrackerTests.csproj", "{23636B88-5976-443A-AFBD-CD5563FB94A9}"
EndProject
Global
	GlobalSection(SolutionConfigurationPlatforms) = preSolution
		Debug|Any CPU = Debug|Any CPU
		Debug|x64 = Debug|x64
		Debug|x86 = Debug|x86
		Release|Any CPU = Release|Any CPU
		Release|x64 = Release|x64
		Release|x86 = Release|x86
	EndGlobalSection
	GlobalSection(SolutionProperties) = preSolution
		HideSolutionNode = FALSE
	EndGlobalSection
	GlobalSection(ProjectConfigurationPlatforms) = postSolution
		{76631CF2-9E20-4856-98AF-4C4A98C8A92D}.Debug|Any CPU.ActiveCfg = Debug|Any CPU
		{76631CF2-9E20-4856-98AF-4C4A98C8A92D}.Debug|Any CPU.Build.0 = Debug|Any CPU
		{76631CF2-9E20-4856-98AF-4C4A98C8A92D}.Debug|x64.ActiveCfg = Debug|Any CPU
		{76631CF2-9E20-4856-98AF-4C4A98C8A92D}.Debug|x64.Build.0 = Debug|Any CPU
		{76631CF2-9E20-4856-98AF-4C4A98C8A92D}.Debug|x86.ActiveCfg = Debug|Any CPU
		{76631CF2-9E20-4856-98AF-4C4A98C8A92D}.Debug|x86.Build.0 = Debug|Any CPU
		{76631CF2-9E20-4856-98AF-4C4A98C8A92D}.Release|Any CPU.ActiveCfg = Release|Any CPU
		{76631CF2-9E20-4856-98AF-4C4A98C8A92D}.Release|Any CPU.Build.0 = Release|Any CPU
		{76631CF2-9E20-4856-98AF-4C4A98C8A92D}.Release|x64.ActiveCfg = Release|Any CPU
		{76631CF2-9E20-4856-98AF-4C4A98C8A92D}.Release|x64.Build.0 = Release|Any CPU
		{76631CF2-9E20-4856-98AF-4C4A98C8A92D}.Release|x86.ActiveCfg = Release|Any CPU
		{76631CF2-9E20-4856-98AF-4C4A98C8A92D}.Release|x86.Build.0 = Release|Any CPU
		{23636B88-5976-443A-AFBD-CD5563FB94A9}.Debug|Any CPU.ActiveCfg = Debug|Any CPU
		{23636B88-5976-443A-AFBD-CD5563FB94A9}.Debug|Any CPU.Build.0 = Debug|Any CPU
		{23636B88-5976-443A-AFBD-CD5563FB94A9}.Debug|x64.ActiveCfg = Debug|Any CPU
		{23636B88-5976-443A-AFBD-CD5563FB94A9}.Debug|x64.Build.0 = Debug|Any CPU
		{23636B88-5976-443A-AFBD-CD5563FB94A9}.Debug|x86.ActiveCfg = Debug|Any CPU
		{23636B88-5976-443A-AFBD-CD5563FB94A9}.Debug|x86.Build.0 = Debug|Any CPU
		{23636B88-5976-443A-AFBD-CD5563FB94A9}.Release|Any CPU.ActiveCfg = Release|Any CPU
		{23636B88-5976-443A-AFBD-CD5563FB94A9}.Release|Any CPU.Build.0 = Release|Any CPU
		{23636B88-5976-443A-AFBD-CD5563FB94A9}.Release|x64.ActiveCfg = Release|Any CPU
		{23636B88-5976-443A-AFBD-CD5563FB94A9}.Release|x64.Build.0 = Release|Any CPU
		{23636B88-5976-443A-AFBD-CD5563FB94A9}.Release|x86.ActiveCfg = Release|Any CPU
		{23636B88-5976-443A-AFBD-CD5563FB94A9}.Release|x86.Build.0 = Release|Any CPU
	EndGlobalSection
	GlobalSection(NestedProjects) = preSolution
		{76631CF2-9E20-4856-98AF-4C4A98C8A92D} = {92E8EF45-701E-4807-A54E-5E85E29814F7}
		{23636B88-5976-443A-AFBD-CD5563FB94A9} = {9F326C99-D962-4261-A4DA-7B7593812334}
	EndGlobalSection
EndGlobal
